// !$*UTF8*$!
{
	archiveVersion = 1;
	classes = {
	};
	objectVersion = 51;
	objects = {

/* Begin PBXBuildFile section */
		042955B226EF4B1700755EF5 /* TestViewController.swift in Sources */ = {isa = PBXBuildFile; fileRef = 042955B126EF4B1700755EF5 /* TestViewController.swift */; };
		04B1B6E725E3903C00FF941E /* PostViewController.swift in Sources */ = {isa = PBXBuildFile; fileRef = 04B1B6E625E3903C00FF941E /* PostViewController.swift */; };
		04B1B6EA25E3927800FF941E /* User.swift in Sources */ = {isa = PBXBuildFile; fileRef = 04B1B6E925E3927800FF941E /* User.swift */; };
		04F9E1D725C15DAE00E3E8C4 /* AppDelegate.swift in Sources */ = {isa = PBXBuildFile; fileRef = 04F9E1D625C15DAE00E3E8C4 /* AppDelegate.swift */; };
		04F9E1D925C15DAE00E3E8C4 /* SceneDelegate.swift in Sources */ = {isa = PBXBuildFile; fileRef = 04F9E1D825C15DAE00E3E8C4 /* SceneDelegate.swift */; };
		04F9E1DB25C15DAE00E3E8C4 /* ViewController.swift in Sources */ = {isa = PBXBuildFile; fileRef = 04F9E1DA25C15DAE00E3E8C4 /* ViewController.swift */; };
		04F9E1DE25C15DAE00E3E8C4 /* Main.storyboard in Resources */ = {isa = PBXBuildFile; fileRef = 04F9E1DC25C15DAE00E3E8C4 /* Main.storyboard */; };
		04F9E1E025C15DB000E3E8C4 /* Assets.xcassets in Resources */ = {isa = PBXBuildFile; fileRef = 04F9E1DF25C15DB000E3E8C4 /* Assets.xcassets */; };
		04F9E1E325C15DB000E3E8C4 /* LaunchScreen.storyboard in Resources */ = {isa = PBXBuildFile; fileRef = 04F9E1E125C15DB000E3E8C4 /* LaunchScreen.storyboard */; };
		04F9E1F225C15E8400E3E8C4 /* Constants.swift in Sources */ = {isa = PBXBuildFile; fileRef = 04F9E1F125C15E8400E3E8C4 /* Constants.swift */; };
		04FB318625FF32170016637D /* 아파트 코드.txt in Resources */ = {isa = PBXBuildFile; fileRef = 04FB318525FF32170016637D /* 아파트 코드.txt */; };
		04FB318925FF33B80016637D /* 아파트 정보.txt in Resources */ = {isa = PBXBuildFile; fileRef = 04FB318825FF33B80016637D /* 아파트 정보.txt */; };
		04FB318D25FF4F7A0016637D /* 아파트 위도경도.txt in Resources */ = {isa = PBXBuildFile; fileRef = 04FB318C25FF4F7A0016637D /* 아파트 위도경도.txt */; };
		424DEFA8E44E94EF25900B82 /* Pods_Alamofire_API_Example.framework in Frameworks */ = {isa = PBXBuildFile; fileRef = EAA8DBE22A1BF407F6B8E9B8 /* Pods_Alamofire_API_Example.framework */; };
/* End PBXBuildFile section */

/* Begin PBXFileReference section */
		042955B126EF4B1700755EF5 /* TestViewController.swift */ = {isa = PBXFileReference; lastKnownFileType = sourcecode.swift; path = TestViewController.swift; sourceTree = "<group>"; };
		046C14D225FB52DC0087FA0C /* AptDataTest.playground */ = {isa = PBXFileReference; lastKnownFileType = file.playground; path = AptDataTest.playground; sourceTree = "<group>"; xcLanguageSpecificationIdentifier = xcode.lang.swift; };
		04B1B6E625E3903C00FF941E /* PostViewController.swift */ = {isa = PBXFileReference; lastKnownFileType = sourcecode.swift; path = PostViewController.swift; sourceTree = "<group>"; };
		04B1B6E925E3927800FF941E /* User.swift */ = {isa = PBXFileReference; lastKnownFileType = sourcecode.swift; path = User.swift; sourceTree = "<group>"; };
		04F9E1D325C15DAE00E3E8C4 /* Alamofire API Example.app */ = {isa = PBXFileReference; explicitFileType = wrapper.application; includeInIndex = 0; path = "Alamofire API Example.app"; sourceTree = BUILT_PRODUCTS_DIR; };
		04F9E1D625C15DAE00E3E8C4 /* AppDelegate.swift */ = {isa = PBXFileReference; lastKnownFileType = sourcecode.swift; path = AppDelegate.swift; sourceTree = "<group>"; };
		04F9E1D825C15DAE00E3E8C4 /* SceneDelegate.swift */ = {isa = PBXFileReference; lastKnownFileType = sourcecode.swift; path = SceneDelegate.swift; sourceTree = "<group>"; };
		04F9E1DA25C15DAE00E3E8C4 /* ViewController.swift */ = {isa = PBXFileReference; lastKnownFileType = sourcecode.swift; path = ViewController.swift; sourceTree = "<group>"; };
		04F9E1DD25C15DAE00E3E8C4 /* Base */ = {isa = PBXFileReference; lastKnownFileType = file.storyboard; name = Base; path = Base.lproj/Main.storyboard; sourceTree = "<group>"; };
		04F9E1DF25C15DB000E3E8C4 /* Assets.xcassets */ = {isa = PBXFileReference; lastKnownFileType = folder.assetcatalog; path = Assets.xcassets; sourceTree = "<group>"; };
		04F9E1E225C15DB000E3E8C4 /* Base */ = {isa = PBXFileReference; lastKnownFileType = file.storyboard; name = Base; path = Base.lproj/LaunchScreen.storyboard; sourceTree = "<group>"; };
		04F9E1E425C15DB000E3E8C4 /* Info.plist */ = {isa = PBXFileReference; lastKnownFileType = text.plist.xml; path = Info.plist; sourceTree = "<group>"; };
		04F9E1F125C15E8400E3E8C4 /* Constants.swift */ = {isa = PBXFileReference; lastKnownFileType = sourcecode.swift; path = Constants.swift; sourceTree = "<group>"; };
		04FB318525FF32170016637D /* 아파트 코드.txt */ = {isa = PBXFileReference; fileEncoding = 4; lastKnownFileType = text; path = "아파트 코드.txt"; sourceTree = "<group>"; };
		04FB318825FF33B80016637D /* 아파트 정보.txt */ = {isa = PBXFileReference; fileEncoding = 4; lastKnownFileType = text; path = "아파트 정보.txt"; sourceTree = "<group>"; };
		04FB318C25FF4F7A0016637D /* 아파트 위도경도.txt */ = {isa = PBXFileReference; fileEncoding = 4; lastKnownFileType = text; path = "아파트 위도경도.txt"; sourceTree = "<group>"; };
		26498820DFDEE36D585B6950 /* Pods-Alamofire API Example.release.xcconfig */ = {isa = PBXFileReference; includeInIndex = 1; lastKnownFileType = text.xcconfig; name = "Pods-Alamofire API Example.release.xcconfig"; path = "Target Support Files/Pods-Alamofire API Example/Pods-Alamofire API Example.release.xcconfig"; sourceTree = "<group>"; };
		BE2F2C165B7B80BA47BBC463 /* Pods-Alamofire API Example.debug.xcconfig */ = {isa = PBXFileReference; includeInIndex = 1; lastKnownFileType = text.xcconfig; name = "Pods-Alamofire API Example.debug.xcconfig"; path = "Target Support Files/Pods-Alamofire API Example/Pods-Alamofire API Example.debug.xcconfig"; sourceTree = "<group>"; };
		EAA8DBE22A1BF407F6B8E9B8 /* Pods_Alamofire_API_Example.framework */ = {isa = PBXFileReference; explicitFileType = wrapper.framework; includeInIndex = 0; path = Pods_Alamofire_API_Example.framework; sourceTree = BUILT_PRODUCTS_DIR; };
/* End PBXFileReference section */

/* Begin PBXFrameworksBuildPhase section */
		04F9E1D025C15DAE00E3E8C4 /* Frameworks */ = {
			isa = PBXFrameworksBuildPhase;
			buildActionMask = 2147483647;
			files = (
				424DEFA8E44E94EF25900B82 /* Pods_Alamofire_API_Example.framework in Frameworks */,
			);
			runOnlyForDeploymentPostprocessing = 0;
		};
/* End PBXFrameworksBuildPhase section */

/* Begin PBXGroup section */
		04F9E1CA25C15DAE00E3E8C4 = {
			isa = PBXGroup;
			children = (
				04F9E1D525C15DAE00E3E8C4 /* Alamofire API Example */,
				04F9E1D425C15DAE00E3E8C4 /* Products */,
				CA654A429F495686B5406FAA /* Pods */,
				5CBA93B394BC0926E65A9D28 /* Frameworks */,
			);
			sourceTree = "<group>";
		};
		04F9E1D425C15DAE00E3E8C4 /* Products */ = {
			isa = PBXGroup;
			children = (
				04F9E1D325C15DAE00E3E8C4 /* Alamofire API Example.app */,
			);
			name = Products;
			sourceTree = "<group>";
		};
		04F9E1D525C15DAE00E3E8C4 /* Alamofire API Example */ = {
			isa = PBXGroup;
			children = (
				04F9E1D625C15DAE00E3E8C4 /* AppDelegate.swift */,
				04F9E1D825C15DAE00E3E8C4 /* SceneDelegate.swift */,
				04F9E1DA25C15DAE00E3E8C4 /* ViewController.swift */,
				04F9E1DC25C15DAE00E3E8C4 /* Main.storyboard */,
				04F9E1DF25C15DB000E3E8C4 /* Assets.xcassets */,
				04F9E1E125C15DB000E3E8C4 /* LaunchScreen.storyboard */,
				04F9E1E425C15DB000E3E8C4 /* Info.plist */,
				04F9E1F125C15E8400E3E8C4 /* Constants.swift */,
				04B1B6E625E3903C00FF941E /* PostViewController.swift */,
				04B1B6E925E3927800FF941E /* User.swift */,
				04FB318525FF32170016637D /* 아파트 코드.txt */,
				04FB318825FF33B80016637D /* 아파트 정보.txt */,
				04FB318C25FF4F7A0016637D /* 아파트 위도경도.txt */,
				046C14D225FB52DC0087FA0C /* AptDataTest.playground */,
				042955B126EF4B1700755EF5 /* TestViewController.swift */,
			);
			path = "Alamofire API Example";
			sourceTree = "<group>";
		};
		5CBA93B394BC0926E65A9D28 /* Frameworks */ = {
			isa = PBXGroup;
			children = (
				EAA8DBE22A1BF407F6B8E9B8 /* Pods_Alamofire_API_Example.framework */,
			);
			name = Frameworks;
			sourceTree = "<group>";
		};
		CA654A429F495686B5406FAA /* Pods */ = {
			isa = PBXGroup;
			children = (
				BE2F2C165B7B80BA47BBC463 /* Pods-Alamofire API Example.debug.xcconfig */,
				26498820DFDEE36D585B6950 /* Pods-Alamofire API Example.release.xcconfig */,
			);
			path = Pods;
			sourceTree = "<group>";
		};
/* End PBXGroup section */

/* Begin PBXNativeTarget section */
		04F9E1D225C15DAE00E3E8C4 /* Alamofire API Example */ = {
			isa = PBXNativeTarget;
			buildConfigurationList = 04F9E1E725C15DB000E3E8C4 /* Build configuration list for PBXNativeTarget "Alamofire API Example" */;
			buildPhases = (
				6D048F77EEFB27C61E1FA200 /* [CP] Check Pods Manifest.lock */,
				04F9E1CF25C15DAE00E3E8C4 /* Sources */,
				04F9E1D025C15DAE00E3E8C4 /* Frameworks */,
				04F9E1D125C15DAE00E3E8C4 /* Resources */,
				74666334DAEF5FE9C7A9DE0D /* [CP] Embed Pods Frameworks */,
			);
			buildRules = (
			);
			dependencies = (
			);
			name = "Alamofire API Example";
			productName = "Alamofire API Example";
			productReference = 04F9E1D325C15DAE00E3E8C4 /* Alamofire API Example.app */;
			productType = "com.apple.product-type.application";
		};
/* End PBXNativeTarget section */

/* Begin PBXProject section */
		04F9E1CB25C15DAE00E3E8C4 /* Project object */ = {
			isa = PBXProject;
			attributes = {
				LastSwiftUpdateCheck = 1240;
				LastUpgradeCheck = 1240;
				TargetAttributes = {
					04F9E1D225C15DAE00E3E8C4 = {
						CreatedOnToolsVersion = 12.4;
					};
				};
			};
			buildConfigurationList = 04F9E1CE25C15DAE00E3E8C4 /* Build configuration list for PBXProject "Alamofire API Example" */;
			compatibilityVersion = "Xcode 9.3";
			developmentRegion = en;
			hasScannedForEncodings = 0;
			knownRegions = (
				en,
				Base,
			);
			mainGroup = 04F9E1CA25C15DAE00E3E8C4;
			productRefGroup = 04F9E1D425C15DAE00E3E8C4 /* Products */;
			projectDirPath = "";
			projectRoot = "";
			targets = (
				04F9E1D225C15DAE00E3E8C4 /* Alamofire API Example */,
			);
		};
/* End PBXProject section */

/* Begin PBXResourcesBuildPhase section */
		04F9E1D125C15DAE00E3E8C4 /* Resources */ = {
			isa = PBXResourcesBuildPhase;
			buildActionMask = 2147483647;
			files = (
				04FB318625FF32170016637D /* 아파트 코드.txt in Resources */,
				04F9E1E325C15DB000E3E8C4 /* LaunchScreen.storyboard in Resources */,
				04F9E1E025C15DB000E3E8C4 /* Assets.xcassets in Resources */,
				04F9E1DE25C15DAE00E3E8C4 /* Main.storyboard in Resources */,
				04FB318D25FF4F7A0016637D /* 아파트 위도경도.txt in Resources */,
				04FB318925FF33B80016637D /* 아파트 정보.txt in Resources */,
			);
			runOnlyForDeploymentPostprocessing = 0;
		};
/* End PBXResourcesBuildPhase section */

/* Begin PBXShellScriptBuildPhase section */
		6D048F77EEFB27C61E1FA200 /* [CP] Check Pods Manifest.lock */ = {
			isa = PBXShellScriptBuildPhase;
			buildActionMask = 2147483647;
			files = (
			);
			inputFileListPaths = (
			);
			inputPaths = (
				"${PODS_PODFILE_DIR_PATH}/Podfile.lock",
				"${PODS_ROOT}/Manifest.lock",
			);
			name = "[CP] Check Pods Manifest.lock";
			outputFileListPaths = (
			);
			outputPaths = (
				"$(DERIVED_FILE_DIR)/Pods-Alamofire API Example-checkManifestLockResult.txt",
			);
			runOnlyForDeploymentPostprocessing = 0;
			shellPath = /bin/sh;
			shellScript = "diff \"${PODS_PODFILE_DIR_PATH}/Podfile.lock\" \"${PODS_ROOT}/Manifest.lock\" > /dev/null\nif [ $? != 0 ] ; then\n    # print error to STDERR\n    echo \"error: The sandbox is not in sync with the Podfile.lock. Run 'pod install' or update your CocoaPods installation.\" >&2\n    exit 1\nfi\n# This output is used by Xcode 'outputs' to avoid re-running this script phase.\necho \"SUCCESS\" > \"${SCRIPT_OUTPUT_FILE_0}\"\n";
			showEnvVarsInLog = 0;
		};
		74666334DAEF5FE9C7A9DE0D /* [CP] Embed Pods Frameworks */ = {
			isa = PBXShellScriptBuildPhase;
			buildActionMask = 2147483647;
			files = (
			);
			inputFileListPaths = (
				"${PODS_ROOT}/Target Support Files/Pods-Alamofire API Example/Pods-Alamofire API Example-frameworks-${CONFIGURATION}-input-files.xcfilelist",
			);
			name = "[CP] Embed Pods Frameworks";
			outputFileListPaths = (
				"${PODS_ROOT}/Target Support Files/Pods-Alamofire API Example/Pods-Alamofire API Example-frameworks-${CONFIGURATION}-output-files.xcfilelist",
			);
			runOnlyForDeploymentPostprocessing = 0;
			shellPath = /bin/sh;
			shellScript = "\"${PODS_ROOT}/Target Support Files/Pods-Alamofire API Example/Pods-Alamofire API Example-frameworks.sh\"\n";
			showEnvVarsInLog = 0;
		};
/* End PBXShellScriptBuildPhase section */

/* Begin PBXSourcesBuildPhase section */
		04F9E1CF25C15DAE00E3E8C4 /* Sources */ = {
			isa = PBXSourcesBuildPhase;
			buildActionMask = 2147483647;
			files = (
				042955B226EF4B1700755EF5 /* TestViewController.swift in Sources */,
				04F9E1DB25C15DAE00E3E8C4 /* ViewController.swift in Sources */,
				04F9E1D725C15DAE00E3E8C4 /* AppDelegate.swift in Sources */,
				04B1B6EA25E3927800FF941E /* User.swift in Sources */,
				04F9E1D925C15DAE00E3E8C4 /* SceneDelegate.swift in Sources */,
				04F9E1F225C15E8400E3E8C4 /* Constants.swift in Sources */,
				04B1B6E725E3903C00FF941E /* PostViewController.swift in Sources */,
			);
			runOnlyForDeploymentPostprocessing = 0;
		};
/* End PBXSourcesBuildPhase section */

/* Begin PBXVariantGroup section */
		04F9E1DC25C15DAE00E3E8C4 /* Main.storyboard */ = {
			isa = PBXVariantGroup;
			children = (
				04F9E1DD25C15DAE00E3E8C4 /* Base */,
			);
			name = Main.storyboard;
			sourceTree = "<group>";
		};
		04F9E1E125C15DB000E3E8C4 /* LaunchScreen.storyboard */ = {
			isa = PBXVariantGroup;
			children = (
				04F9E1E225C15DB000E3E8C4 /* Base */,
			);
			name = LaunchScreen.storyboard;
			sourceTree = "<group>";
		};
/* End PBXVariantGroup section */

/* Begin XCBuildConfiguration section */
		04F9E1E525C15DB000E3E8C4 /* Debug */ = {
			isa = XCBuildConfiguration;
			buildSettings = {
				ALWAYS_SEARCH_USER_PATHS = NO;
				CLANG_ANALYZER_NONNULL = YES;
				CLANG_ANALYZER_NUMBER_OBJECT_CONVERSION = YES_AGGRESSIVE;
				CLANG_CXX_LANGUAGE_STANDARD = "gnu++14";
				CLANG_CXX_LIBRARY = "libc++";
				CLANG_ENABLE_MODULES = YES;
				CLANG_ENABLE_OBJC_ARC = YES;
				CLANG_ENABLE_OBJC_WEAK = YES;
				CLANG_WARN_BLOCK_CAPTURE_AUTORELEASING = YES;
				CLANG_WARN_BOOL_CONVERSION = YES;
				CLANG_WARN_COMMA = YES;
				CLANG_WARN_CONSTANT_CONVERSION = YES;
				CLANG_WARN_DEPRECATED_OBJC_IMPLEMENTATIONS = YES;
				CLANG_WARN_DIRECT_OBJC_ISA_USAGE = YES_ERROR;
				CLANG_WARN_DOCUMENTATION_COMMENTS = YES;
				CLANG_WARN_EMPTY_BODY = YES;
				CLANG_WARN_ENUM_CONVERSION = YES;
				CLANG_WARN_INFINITE_RECURSION = YES;
				CLANG_WARN_INT_CONVERSION = YES;
				CLANG_WARN_NON_LITERAL_NULL_CONVERSION = YES;
				CLANG_WARN_OBJC_IMPLICIT_RETAIN_SELF = YES;
				CLANG_WARN_OBJC_LITERAL_CONVERSION = YES;
				CLANG_WARN_OBJC_ROOT_CLASS = YES_ERROR;
				CLANG_WARN_QUOTED_INCLUDE_IN_FRAMEWORK_HEADER = YES;
				CLANG_WARN_RANGE_LOOP_ANALYSIS = YES;
				CLANG_WARN_STRICT_PROTOTYPES = YES;
				CLANG_WARN_SUSPICIOUS_MOVE = YES;
				CLANG_WARN_UNGUARDED_AVAILABILITY = YES_AGGRESSIVE;
				CLANG_WARN_UNREACHABLE_CODE = YES;
				CLANG_WARN__DUPLICATE_METHOD_MATCH = YES;
				COPY_PHASE_STRIP = NO;
				DEBUG_INFORMATION_FORMAT = dwarf;
				ENABLE_STRICT_OBJC_MSGSEND = YES;
				ENABLE_TESTABILITY = YES;
				GCC_C_LANGUAGE_STANDARD = gnu11;
				GCC_DYNAMIC_NO_PIC = NO;
				GCC_NO_COMMON_BLOCKS = YES;
				GCC_OPTIMIZATION_LEVEL = 0;
				GCC_PREPROCESSOR_DEFINITIONS = (
					"DEBUG=1",
					"$(inherited)",
				);
				GCC_WARN_64_TO_32_BIT_CONVERSION = YES;
				GCC_WARN_ABOUT_RETURN_TYPE = YES_ERROR;
				GCC_WARN_UNDECLARED_SELECTOR = YES;
				GCC_WARN_UNINITIALIZED_AUTOS = YES_AGGRESSIVE;
				GCC_WARN_UNUSED_FUNCTION = YES;
				GCC_WARN_UNUSED_VARIABLE = YES;
				IPHONEOS_DEPLOYMENT_TARGET = 14.4;
				MTL_ENABLE_DEBUG_INFO = INCLUDE_SOURCE;
				MTL_FAST_MATH = YES;
				ONLY_ACTIVE_ARCH = YES;
				SDKROOT = iphoneos;
				SWIFT_ACTIVE_COMPILATION_CONDITIONS = DEBUG;
				SWIFT_OPTIMIZATION_LEVEL = "-Onone";
			};
			name = Debug;
		};
		04F9E1E625C15DB000E3E8C4 /* Release */ = {
			isa = XCBuildConfiguration;
			buildSettings = {
				ALWAYS_SEARCH_USER_PATHS = NO;
				CLANG_ANALYZER_NONNULL = YES;
				CLANG_ANALYZER_NUMBER_OBJECT_CONVERSION = YES_AGGRESSIVE;
				CLANG_CXX_LANGUAGE_STANDARD = "gnu++14";
				CLANG_CXX_LIBRARY = "libc++";
				CLANG_ENABLE_MODULES = YES;
				CLANG_ENABLE_OBJC_ARC = YES;
				CLANG_ENABLE_OBJC_WEAK = YES;
				CLANG_WARN_BLOCK_CAPTURE_AUTORELEASING = YES;
				CLANG_WARN_BOOL_CONVERSION = YES;
				CLANG_WARN_COMMA = YES;
				CLANG_WARN_CONSTANT_CONVERSION = YES;
				CLANG_WARN_DEPRECATED_OBJC_IMPLEMENTATIONS = YES;
				CLANG_WARN_DIRECT_OBJC_ISA_USAGE = YES_ERROR;
				CLANG_WARN_DOCUMENTATION_COMMENTS = YES;
				CLANG_WARN_EMPTY_BODY = YES;
				CLANG_WARN_ENUM_CONVERSION = YES;
				CLANG_WARN_INFINITE_RECURSION = YES;
				CLANG_WARN_INT_CONVERSION = YES;
				CLANG_WARN_NON_LITERAL_NULL_CONVERSION = YES;
				CLANG_WARN_OBJC_IMPLICIT_RETAIN_SELF = YES;
				CLANG_WARN_OBJC_LITERAL_CONVERSION = YES;
				CLANG_WARN_OBJC_ROOT_CLASS = YES_ERROR;
				CLANG_WARN_QUOTED_INCLUDE_IN_FRAMEWORK_HEADER = YES;
				CLANG_WARN_RANGE_LOOP_ANALYSIS = YES;
				CLANG_WARN_STRICT_PROTOTYPES = YES;
				CLANG_WARN_SUSPICIOUS_MOVE = YES;
				CLANG_WARN_UNGUARDED_AVAILABILITY = YES_AGGRESSIVE;
				CLANG_WARN_UNREACHABLE_CODE = YES;
				CLANG_WARN__DUPLICATE_METHOD_MATCH = YES;
				COPY_PHASE_STRIP = NO;
				DEBUG_INFORMATION_FORMAT = "dwarf-with-dsym";
				ENABLE_NS_ASSERTIONS = NO;
				ENABLE_STRICT_OBJC_MSGSEND = YES;
				GCC_C_LANGUAGE_STANDARD = gnu11;
				GCC_NO_COMMON_BLOCKS = YES;
				GCC_WARN_64_TO_32_BIT_CONVERSION = YES;
				GCC_WARN_ABOUT_RETURN_TYPE = YES_ERROR;
				GCC_WARN_UNDECLARED_SELECTOR = YES;
				GCC_WARN_UNINITIALIZED_AUTOS = YES_AGGRESSIVE;
				GCC_WARN_UNUSED_FUNCTION = YES;
				GCC_WARN_UNUSED_VARIABLE = YES;
				IPHONEOS_DEPLOYMENT_TARGET = 14.4;
				MTL_ENABLE_DEBUG_INFO = NO;
				MTL_FAST_MATH = YES;
				SDKROOT = iphoneos;
				SWIFT_COMPILATION_MODE = wholemodule;
				SWIFT_OPTIMIZATION_LEVEL = "-O";
				VALIDATE_PRODUCT = YES;
			};
			name = Release;
		};
		04F9E1E825C15DB000E3E8C4 /* Debug */ = {
			isa = XCBuildConfiguration;
			baseConfigurationReference = BE2F2C165B7B80BA47BBC463 /* Pods-Alamofire API Example.debug.xcconfig */;
			buildSettings = {
				ASSETCATALOG_COMPILER_APPICON_NAME = AppIcon;
				ASSETCATALOG_COMPILER_GLOBAL_ACCENT_COLOR_NAME = AccentColor;
				CODE_SIGN_STYLE = Automatic;
				DEVELOPMENT_TEAM = 2F54VR68GM;
				INFOPLIST_FILE = "Alamofire API Example/Info.plist";
				LD_RUNPATH_SEARCH_PATHS = (
					"$(inherited)",
					"@executable_path/Frameworks",
				);
				PRODUCT_BUNDLE_IDENTIFIER = "com.fomagran.Alamofire-API-Example";
				PRODUCT_NAME = "$(TARGET_NAME)";
				SWIFT_VERSION = 5.0;
				TARGETED_DEVICE_FAMILY = "1,2";
			};
			name = Debug;
		};
		04F9E1E925C15DB000E3E8C4 /* Release */ = {
			isa = XCBuildConfiguration;
			baseConfigurationReference = 26498820DFDEE36D585B6950 /* Pods-Alamofire API Example.release.xcconfig */;
			buildSettings = {
				ASSETCATALOG_COMPILER_APPICON_NAME = AppIcon;
				ASSETCATALOG_COMPILER_GLOBAL_ACCENT_COLOR_NAME = AccentColor;
				CODE_SIGN_STYLE = Automatic;
				DEVELOPMENT_TEAM = 2F54VR68GM;
				INFOPLIST_FILE = "Alamofire API Example/Info.plist";
				LD_RUNPATH_SEARCH_PATHS = (
					"$(inherited)",
					"@executable_path/Frameworks",
				);
				PRODUCT_BUNDLE_IDENTIFIER = "com.fomagran.Alamofire-API-Example";
				PRODUCT_NAME = "$(TARGET_NAME)";
				SWIFT_VERSION = 5.0;
				TARGETED_DEVICE_FAMILY = "1,2";
			};
			name = Release;
		};
/* End XCBuildConfiguration section */

/* Begin XCConfigurationList section */
		04F9E1CE25C15DAE00E3E8C4 /* Build configuration list for PBXProject "Alamofire API Example" */ = {
			isa = XCConfigurationList;
			buildConfigurations = (
				04F9E1E525C15DB000E3E8C4 /* Debug */,
				04F9E1E625C15DB000E3E8C4 /* Release */,
			);
			defaultConfigurationIsVisible = 0;
			defaultConfigurationName = Release;
		};
		04F9E1E725C15DB000E3E8C4 /* Build configuration list for PBXNativeTarget "Alamofire API Example" */ = {
			isa = XCConfigurationList;
			buildConfigurations = (
				04F9E1E825C15DB000E3E8C4 /* Debug */,
				04F9E1E925C15DB000E3E8C4 /* Release */,
			);
			defaultConfigurationIsVisible = 0;
			defaultConfigurationName = Release;
		};
/* End XCConfigurationList section */
	};
	rootObject = 04F9E1CB25C15DAE00E3E8C4 /* Project object */;
}
